
Microsoft Visual Studio Solution File, Format Version 12.00
# Visual Studio Version 17
VisualStudioVersion = 17.0.31710.8
MinimumVisualStudioVersion = 10.0.40219.1
Project("{9A19103F-16F7-4668-BE54-9A1E7A4F7556}") = "SneakersApplication.Api", "SneakersApplication.Api\SneakersApplication.Api.csproj", "{711504AA-E76D-4B6E-9BF4-44C5FC0800F8}"
EndProject
Project("{9A19103F-16F7-4668-BE54-9A1E7A4F7556}") = "SneakersApplication.Core", "SneakersApplication.Core\SneakersApplication.Core.csproj", "{0A3B7177-D738-416F-B75D-92EB9F40F13F}"
EndProject
Project("{9A19103F-16F7-4668-BE54-9A1E7A4F7556}") = "SneakersApplication.Infrastructure", "SneakersApplication.Infrastructure\SneakersApplication.Infrastructure.csproj", "{8CE8A08F-4862-4B7C-A271-5DC34638084E}"
EndProject
Global
	GlobalSection(SolutionConfigurationPlatforms) = preSolution
		Debug|Any CPU = Debug|Any CPU
		Release|Any CPU = Release|Any CPU
	EndGlobalSection
	GlobalSection(ProjectConfigurationPlatforms) = postSolution
		{711504AA-E76D-4B6E-9BF4-44C5FC0800F8}.Debug|Any CPU.ActiveCfg = Debug|Any CPU
		{711504AA-E76D-4B6E-9BF4-44C5FC0800F8}.Debug|Any CPU.Build.0 = Debug|Any CPU
		{711504AA-E76D-4B6E-9BF4-44C5FC0800F8}.Release|Any CPU.ActiveCfg = Release|Any CPU
		{711504AA-E76D-4B6E-9BF4-44C5FC0800F8}.Release|Any CPU.Build.0 = Release|Any CPU
		{0A3B7177-D738-416F-B75D-92EB9F40F13F}.Debug|Any CPU.ActiveCfg = Debug|Any CPU
		{0A3B7177-D738-416F-B75D-92EB9F40F13F}.Debug|Any CPU.Build.0 = Debug|Any CPU
		{0A3B7177-D738-416F-B75D-92EB9F40F13F}.Release|Any CPU.ActiveCfg = Release|Any CPU
		{0A3B7177-D738-416F-B75D-92EB9F40F13F}.Release|Any CPU.Build.0 = Release|Any CPU
		{8CE8A08F-4862-4B7C-A271-5DC34638084E}.Debug|Any CPU.ActiveCfg = Debug|Any CPU
		{8CE8A08F-4862-4B7C-A271-5DC34638084E}.Debug|Any CPU.Build.0 = Debug|Any CPU
		{8CE8A08F-4862-4B7C-A271-5DC34638084E}.Release|Any CPU.ActiveCfg = Release|Any CPU
		{8CE8A08F-4862-4B7C-A271-5DC34638084E}.Release|Any CPU.Build.0 = Release|Any CPU
	EndGlobalSection
	GlobalSection(SolutionProperties) = preSolution
		HideSolutionNode = FALSE
	EndGlobalSection
	GlobalSection(ExtensibilityGlobals) = postSolution
		SolutionGuid = {99A284F3-F7AC-43DD-A330-3AE9BFA3120E}
	EndGlobalSection
EndGlobal
